// !$*UTF8*$!
{
	archiveVersion = 1;
	classes = {
	};
	objectVersion = 50;
	objects = {

/* Begin PBXBuildFile section */
		6696AF5A24B1A13900163399 /* main.cpp in Sources */ = {isa = PBXBuildFile; fileRef = 6696AF5924B1A13900163399 /* main.cpp */; };
		6696AF6524B1B0F600163399 /* main.cpp in Sources */ = {isa = PBXBuildFile; fileRef = 6696AF6424B1B0F600163399 /* main.cpp */; };
		6696AF7024B1B50000163399 /* main.cpp in Sources */ = {isa = PBXBuildFile; fileRef = 6696AF6F24B1B50000163399 /* main.cpp */; };
		68FA5C8E24B2AC0F003C9E9E /* main.cpp in Sources */ = {isa = PBXBuildFile; fileRef = 68FA5C8D24B2AC0F003C9E9E /* main.cpp */; };
		68FA5C9924B2B202003C9E9E /* main.cpp in Sources */ = {isa = PBXBuildFile; fileRef = 68FA5C9824B2B202003C9E9E /* main.cpp */; };
		68FA5CA424B2B5DA003C9E9E /* main.cpp in Sources */ = {isa = PBXBuildFile; fileRef = 68FA5CA324B2B5DA003C9E9E /* main.cpp */; };
		68FA5CAF24B3DF86003C9E9E /* main.cpp in Sources */ = {isa = PBXBuildFile; fileRef = 68FA5CAE24B3DF86003C9E9E /* main.cpp */; };
		68FA5CBA24B3E72F003C9E9E /* main.cpp in Sources */ = {isa = PBXBuildFile; fileRef = 68FA5CB924B3E72F003C9E9E /* main.cpp */; };
		68FA5CC524B3EBAD003C9E9E /* main.cpp in Sources */ = {isa = PBXBuildFile; fileRef = 68FA5CC424B3EBAD003C9E9E /* main.cpp */; };
		68FA5CD024B40361003C9E9E /* main.cpp in Sources */ = {isa = PBXBuildFile; fileRef = 68FA5CCF24B40361003C9E9E /* main.cpp */; };
		68FFBB3D24AAA022004F1A75 /* main.cpp in Sources */ = {isa = PBXBuildFile; fileRef = 68FFBB3C24AAA022004F1A75 /* main.cpp */; };
		68FFBB4A24AAA075004F1A75 /* main.cpp in Sources */ = {isa = PBXBuildFile; fileRef = 68FFBB4924AAA075004F1A75 /* main.cpp */; };
		68FFBB5524AAA7D4004F1A75 /* main.cpp in Sources */ = {isa = PBXBuildFile; fileRef = 68FFBB5424AAA7D4004F1A75 /* main.cpp */; };
		68FFBB6024AAAC52004F1A75 /* main.cpp in Sources */ = {isa = PBXBuildFile; fileRef = 68FFBB5F24AAAC52004F1A75 /* main.cpp */; };
		68FFBB6B24AAC1C7004F1A75 /* main.cpp in Sources */ = {isa = PBXBuildFile; fileRef = 68FFBB6A24AAC1C7004F1A75 /* main.cpp */; };
		68FFBB7624ABFB00004F1A75 /* main.cpp in Sources */ = {isa = PBXBuildFile; fileRef = 68FFBB7524ABFB00004F1A75 /* main.cpp */; };
		68FFBB8124AC0F59004F1A75 /* main.cpp in Sources */ = {isa = PBXBuildFile; fileRef = 68FFBB8024AC0F59004F1A75 /* main.cpp */; };
		68FFBB8C24AC18FE004F1A75 /* main.cpp in Sources */ = {isa = PBXBuildFile; fileRef = 68FFBB8B24AC18FE004F1A75 /* main.cpp */; };
/* End PBXBuildFile section */

/* Begin PBXCopyFilesBuildPhase section */
		6696AF5524B1A13900163399 /* CopyFiles */ = {
			isa = PBXCopyFilesBuildPhase;
			buildActionMask = 2147483647;
			dstPath = /usr/share/man/man1/;
			dstSubfolderSpec = 0;
			files = (
			);
			runOnlyForDeploymentPostprocessing = 1;
		};
		6696AF6024B1B0F600163399 /* CopyFiles */ = {
			isa = PBXCopyFilesBuildPhase;
			buildActionMask = 2147483647;
			dstPath = /usr/share/man/man1/;
			dstSubfolderSpec = 0;
			files = (
			);
			runOnlyForDeploymentPostprocessing = 1;
		};
		6696AF6B24B1B50000163399 /* CopyFiles */ = {
			isa = PBXCopyFilesBuildPhase;
			buildActionMask = 2147483647;
			dstPath = /usr/share/man/man1/;
			dstSubfolderSpec = 0;
			files = (
			);
			runOnlyForDeploymentPostprocessing = 1;
		};
		68FA5C8924B2AC0F003C9E9E /* CopyFiles */ = {
			isa = PBXCopyFilesBuildPhase;
			buildActionMask = 2147483647;
			dstPath = /usr/share/man/man1/;
			dstSubfolderSpec = 0;
			files = (
			);
			runOnlyForDeploymentPostprocessing = 1;
		};
		68FA5C9424B2B202003C9E9E /* CopyFiles */ = {
			isa = PBXCopyFilesBuildPhase;
			buildActionMask = 2147483647;
			dstPath = /usr/share/man/man1/;
			dstSubfolderSpec = 0;
			files = (
			);
			runOnlyForDeploymentPostprocessing = 1;
		};
		68FA5C9F24B2B5DA003C9E9E /* CopyFiles */ = {
			isa = PBXCopyFilesBuildPhase;
			buildActionMask = 2147483647;
			dstPath = /usr/share/man/man1/;
			dstSubfolderSpec = 0;
			files = (
			);
			runOnlyForDeploymentPostprocessing = 1;
		};
		68FA5CAA24B3DF86003C9E9E /* CopyFiles */ = {
			isa = PBXCopyFilesBuildPhase;
			buildActionMask = 2147483647;
			dstPath = /usr/share/man/man1/;
			dstSubfolderSpec = 0;
			files = (
			);
			runOnlyForDeploymentPostprocessing = 1;
		};
		68FA5CB524B3E72F003C9E9E /* CopyFiles */ = {
			isa = PBXCopyFilesBuildPhase;
			buildActionMask = 2147483647;
			dstPath = /usr/share/man/man1/;
			dstSubfolderSpec = 0;
			files = (
			);
			runOnlyForDeploymentPostprocessing = 1;
		};
		68FA5CC024B3EBAD003C9E9E /* CopyFiles */ = {
			isa = PBXCopyFilesBuildPhase;
			buildActionMask = 2147483647;
			dstPath = /usr/share/man/man1/;
			dstSubfolderSpec = 0;
			files = (
			);
			runOnlyForDeploymentPostprocessing = 1;
		};
		68FA5CCB24B40361003C9E9E /* CopyFiles */ = {
			isa = PBXCopyFilesBuildPhase;
			buildActionMask = 2147483647;
			dstPath = /usr/share/man/man1/;
			dstSubfolderSpec = 0;
			files = (
			);
			runOnlyForDeploymentPostprocessing = 1;
		};
		68FFBB3724AAA022004F1A75 /* CopyFiles */ = {
			isa = PBXCopyFilesBuildPhase;
			buildActionMask = 2147483647;
			dstPath = /usr/share/man/man1/;
			dstSubfolderSpec = 0;
			files = (
			);
			runOnlyForDeploymentPostprocessing = 1;
		};
		68FFBB4524AAA075004F1A75 /* CopyFiles */ = {
			isa = PBXCopyFilesBuildPhase;
			buildActionMask = 2147483647;
			dstPath = /usr/share/man/man1/;
			dstSubfolderSpec = 0;
			files = (
			);
			runOnlyForDeploymentPostprocessing = 1;
		};
		68FFBB5024AAA7D4004F1A75 /* CopyFiles */ = {
			isa = PBXCopyFilesBuildPhase;
			buildActionMask = 2147483647;
			dstPath = /usr/share/man/man1/;
			dstSubfolderSpec = 0;
			files = (
			);
			runOnlyForDeploymentPostprocessing = 1;
		};
		68FFBB5B24AAAC52004F1A75 /* CopyFiles */ = {
			isa = PBXCopyFilesBuildPhase;
			buildActionMask = 2147483647;
			dstPath = /usr/share/man/man1/;
			dstSubfolderSpec = 0;
			files = (
			);
			runOnlyForDeploymentPostprocessing = 1;
		};
		68FFBB6624AAC1C7004F1A75 /* CopyFiles */ = {
			isa = PBXCopyFilesBuildPhase;
			buildActionMask = 2147483647;
			dstPath = /usr/share/man/man1/;
			dstSubfolderSpec = 0;
			files = (
			);
			runOnlyForDeploymentPostprocessing = 1;
		};
		68FFBB7124ABFB00004F1A75 /* CopyFiles */ = {
			isa = PBXCopyFilesBuildPhase;
			buildActionMask = 2147483647;
			dstPath = /usr/share/man/man1/;
			dstSubfolderSpec = 0;
			files = (
			);
			runOnlyForDeploymentPostprocessing = 1;
		};
		68FFBB7C24AC0F59004F1A75 /* CopyFiles */ = {
			isa = PBXCopyFilesBuildPhase;
			buildActionMask = 2147483647;
			dstPath = /usr/share/man/man1/;
			dstSubfolderSpec = 0;
			files = (
			);
			runOnlyForDeploymentPostprocessing = 1;
		};
		68FFBB8724AC18FE004F1A75 /* CopyFiles */ = {
			isa = PBXCopyFilesBuildPhase;
			buildActionMask = 2147483647;
			dstPath = /usr/share/man/man1/;
			dstSubfolderSpec = 0;
			files = (
			);
			runOnlyForDeploymentPostprocessing = 1;
		};
/* End PBXCopyFilesBuildPhase section */

/* Begin PBXFileReference section */
		6696AF5724B1A13900163399 /* StringToInteger */ = {isa = PBXFileReference; explicitFileType = "compiled.mach-o.executable"; includeInIndex = 0; path = StringToInteger; sourceTree = BUILT_PRODUCTS_DIR; };
		6696AF5924B1A13900163399 /* main.cpp */ = {isa = PBXFileReference; lastKnownFileType = sourcecode.cpp.cpp; path = main.cpp; sourceTree = "<group>"; };
		6696AF6224B1B0F600163399 /* ContainerWithMostWater */ = {isa = PBXFileReference; explicitFileType = "compiled.mach-o.executable"; includeInIndex = 0; path = ContainerWithMostWater; sourceTree = BUILT_PRODUCTS_DIR; };
		6696AF6424B1B0F600163399 /* main.cpp */ = {isa = PBXFileReference; lastKnownFileType = sourcecode.cpp.cpp; path = main.cpp; sourceTree = "<group>"; };
		6696AF6D24B1B50000163399 /* RomantoInteger */ = {isa = PBXFileReference; explicitFileType = "compiled.mach-o.executable"; includeInIndex = 0; path = RomantoInteger; sourceTree = BUILT_PRODUCTS_DIR; };
		6696AF6F24B1B50000163399 /* main.cpp */ = {isa = PBXFileReference; lastKnownFileType = sourcecode.cpp.cpp; path = main.cpp; sourceTree = "<group>"; };
		68FA5C8B24B2AC0F003C9E9E /* LongestCommonPrefix */ = {isa = PBXFileReference; explicitFileType = "compiled.mach-o.executable"; includeInIndex = 0; path = LongestCommonPrefix; sourceTree = BUILT_PRODUCTS_DIR; };
		68FA5C8D24B2AC0F003C9E9E /* main.cpp */ = {isa = PBXFileReference; lastKnownFileType = sourcecode.cpp.cpp; path = main.cpp; sourceTree = "<group>"; };
		68FA5C9624B2B202003C9E9E /* ThreeSum */ = {isa = PBXFileReference; explicitFileType = "compiled.mach-o.executable"; includeInIndex = 0; path = ThreeSum; sourceTree = BUILT_PRODUCTS_DIR; };
		68FA5C9824B2B202003C9E9E /* main.cpp */ = {isa = PBXFileReference; lastKnownFileType = sourcecode.cpp.cpp; path = main.cpp; sourceTree = "<group>"; };
		68FA5CA124B2B5DA003C9E9E /* Letter Combinations of a Phone Number */ = {isa = PBXFileReference; explicitFileType = "compiled.mach-o.executable"; includeInIndex = 0; path = "Letter Combinations of a Phone Number"; sourceTree = BUILT_PRODUCTS_DIR; };
		68FA5CA324B2B5DA003C9E9E /* main.cpp */ = {isa = PBXFileReference; lastKnownFileType = sourcecode.cpp.cpp; path = main.cpp; sourceTree = "<group>"; };
		68FA5CAC24B3DF86003C9E9E /* Remove Nth Node From End of List */ = {isa = PBXFileReference; explicitFileType = "compiled.mach-o.executable"; includeInIndex = 0; path = "Remove Nth Node From End of List"; sourceTree = BUILT_PRODUCTS_DIR; };
		68FA5CAE24B3DF86003C9E9E /* main.cpp */ = {isa = PBXFileReference; lastKnownFileType = sourcecode.cpp.cpp; path = main.cpp; sourceTree = "<group>"; };
		68FA5CB724B3E72F003C9E9E /* ValidParentheses */ = {isa = PBXFileReference; explicitFileType = "compiled.mach-o.executable"; includeInIndex = 0; path = ValidParentheses; sourceTree = BUILT_PRODUCTS_DIR; };
		68FA5CB924B3E72F003C9E9E /* main.cpp */ = {isa = PBXFileReference; lastKnownFileType = sourcecode.cpp.cpp; path = main.cpp; sourceTree = "<group>"; };
		68FA5CC224B3EBAD003C9E9E /* MergeTwoSortedLists */ = {isa = PBXFileReference; explicitFileType = "compiled.mach-o.executable"; includeInIndex = 0; path = MergeTwoSortedLists; sourceTree = BUILT_PRODUCTS_DIR; };
		68FA5CC424B3EBAD003C9E9E /* main.cpp */ = {isa = PBXFileReference; lastKnownFileType = sourcecode.cpp.cpp; path = main.cpp; sourceTree = "<group>"; };
		68FA5CCD24B40361003C9E9E /* GenerateParentheses */ = {isa = PBXFileReference; explicitFileType = "compiled.mach-o.executable"; includeInIndex = 0; path = GenerateParentheses; sourceTree = BUILT_PRODUCTS_DIR; };
		68FA5CCF24B40361003C9E9E /* main.cpp */ = {isa = PBXFileReference; lastKnownFileType = sourcecode.cpp.cpp; path = main.cpp; sourceTree = "<group>"; };
		68FFBB3924AAA022004F1A75 /* TopInterview */ = {isa = PBXFileReference; explicitFileType = "compiled.mach-o.executable"; includeInIndex = 0; path = TopInterview; sourceTree = BUILT_PRODUCTS_DIR; };
		68FFBB3C24AAA022004F1A75 /* main.cpp */ = {isa = PBXFileReference; lastKnownFileType = sourcecode.cpp.cpp; path = main.cpp; sourceTree = "<group>"; };
		68FFBB4724AAA075004F1A75 /* KthLargestElementinanArray */ = {isa = PBXFileReference; explicitFileType = "compiled.mach-o.executable"; includeInIndex = 0; path = KthLargestElementinanArray; sourceTree = BUILT_PRODUCTS_DIR; };
		68FFBB4924AAA075004F1A75 /* main.cpp */ = {isa = PBXFileReference; lastKnownFileType = sourcecode.cpp.cpp; path = main.cpp; sourceTree = "<group>"; };
		68FFBB5224AAA7D4004F1A75 /* TwoSum */ = {isa = PBXFileReference; explicitFileType = "compiled.mach-o.executable"; includeInIndex = 0; path = TwoSum; sourceTree = BUILT_PRODUCTS_DIR; };
		68FFBB5424AAA7D4004F1A75 /* main.cpp */ = {isa = PBXFileReference; lastKnownFileType = sourcecode.cpp.cpp; path = main.cpp; sourceTree = "<group>"; };
		68FFBB5D24AAAC52004F1A75 /* AddTwoNumbers */ = {isa = PBXFileReference; explicitFileType = "compiled.mach-o.executable"; includeInIndex = 0; path = AddTwoNumbers; sourceTree = BUILT_PRODUCTS_DIR; };
		68FFBB5F24AAAC52004F1A75 /* main.cpp */ = {isa = PBXFileReference; lastKnownFileType = sourcecode.cpp.cpp; path = main.cpp; sourceTree = "<group>"; };
		68FFBB6824AAC1C7004F1A75 /* LongestSubstringWithoutRepeatingCharacters */ = {isa = PBXFileReference; explicitFileType = "compiled.mach-o.executable"; includeInIndex = 0; path = LongestSubstringWithoutRepeatingCharacters; sourceTree = BUILT_PRODUCTS_DIR; };
		68FFBB6A24AAC1C7004F1A75 /* main.cpp */ = {isa = PBXFileReference; lastKnownFileType = sourcecode.cpp.cpp; path = main.cpp; sourceTree = "<group>"; };
		68FFBB7324ABFB00004F1A75 /* MedianOfTwoSortedArrays */ = {isa = PBXFileReference; explicitFileType = "compiled.mach-o.executable"; includeInIndex = 0; path = MedianOfTwoSortedArrays; sourceTree = BUILT_PRODUCTS_DIR; };
		68FFBB7524ABFB00004F1A75 /* main.cpp */ = {isa = PBXFileReference; lastKnownFileType = sourcecode.cpp.cpp; path = main.cpp; sourceTree = "<group>"; };
		68FFBB7E24AC0F59004F1A75 /* LongestPalindromicSubstring */ = {isa = PBXFileReference; explicitFileType = "compiled.mach-o.executable"; includeInIndex = 0; path = LongestPalindromicSubstring; sourceTree = BUILT_PRODUCTS_DIR; };
		68FFBB8024AC0F59004F1A75 /* main.cpp */ = {isa = PBXFileReference; lastKnownFileType = sourcecode.cpp.cpp; path = main.cpp; sourceTree = "<group>"; };
		68FFBB8924AC18FE004F1A75 /* ReverseInteger */ = {isa = PBXFileReference; explicitFileType = "compiled.mach-o.executable"; includeInIndex = 0; path = ReverseInteger; sourceTree = BUILT_PRODUCTS_DIR; };
		68FFBB8B24AC18FE004F1A75 /* main.cpp */ = {isa = PBXFileReference; lastKnownFileType = sourcecode.cpp.cpp; path = main.cpp; sourceTree = "<group>"; };
/* End PBXFileReference section */

/* Begin PBXFrameworksBuildPhase section */
		6696AF5424B1A13900163399 /* Frameworks */ = {
			isa = PBXFrameworksBuildPhase;
			buildActionMask = 2147483647;
			files = (
			);
			runOnlyForDeploymentPostprocessing = 0;
		};
		6696AF5F24B1B0F600163399 /* Frameworks */ = {
			isa = PBXFrameworksBuildPhase;
			buildActionMask = 2147483647;
			files = (
			);
			runOnlyForDeploymentPostprocessing = 0;
		};
		6696AF6A24B1B50000163399 /* Frameworks */ = {
			isa = PBXFrameworksBuildPhase;
			buildActionMask = 2147483647;
			files = (
			);
			runOnlyForDeploymentPostprocessing = 0;
		};
		68FA5C8824B2AC0F003C9E9E /* Frameworks */ = {
			isa = PBXFrameworksBuildPhase;
			buildActionMask = 2147483647;
			files = (
			);
			runOnlyForDeploymentPostprocessing = 0;
		};
		68FA5C9324B2B202003C9E9E /* Frameworks */ = {
			isa = PBXFrameworksBuildPhase;
			buildActionMask = 2147483647;
			files = (
			);
			runOnlyForDeploymentPostprocessing = 0;
		};
		68FA5C9E24B2B5DA003C9E9E /* Frameworks */ = {
			isa = PBXFrameworksBuildPhase;
			buildActionMask = 2147483647;
			files = (
			);
			runOnlyForDeploymentPostprocessing = 0;
		};
		68FA5CA924B3DF86003C9E9E /* Frameworks */ = {
			isa = PBXFrameworksBuildPhase;
			buildActionMask = 2147483647;
			files = (
			);
			runOnlyForDeploymentPostprocessing = 0;
		};
		68FA5CB424B3E72F003C9E9E /* Frameworks */ = {
			isa = PBXFrameworksBuildPhase;
			buildActionMask = 2147483647;
			files = (
			);
			runOnlyForDeploymentPostprocessing = 0;
		};
		68FA5CBF24B3EBAD003C9E9E /* Frameworks */ = {
			isa = PBXFrameworksBuildPhase;
			buildActionMask = 2147483647;
			files = (
			);
			runOnlyForDeploymentPostprocessing = 0;
		};
		68FA5CCA24B40361003C9E9E /* Frameworks */ = {
			isa = PBXFrameworksBuildPhase;
			buildActionMask = 2147483647;
			files = (
			);
			runOnlyForDeploymentPostprocessing = 0;
		};
		68FFBB3624AAA022004F1A75 /* Frameworks */ = {
			isa = PBXFrameworksBuildPhase;
			buildActionMask = 2147483647;
			files = (
			);
			runOnlyForDeploymentPostprocessing = 0;
		};
		68FFBB4424AAA075004F1A75 /* Frameworks */ = {
			isa = PBXFrameworksBuildPhase;
			buildActionMask = 2147483647;
			files = (
			);
			runOnlyForDeploymentPostprocessing = 0;
		};
		68FFBB4F24AAA7D4004F1A75 /* Frameworks */ = {
			isa = PBXFrameworksBuildPhase;
			buildActionMask = 2147483647;
			files = (
			);
			runOnlyForDeploymentPostprocessing = 0;
		};
		68FFBB5A24AAAC52004F1A75 /* Frameworks */ = {
			isa = PBXFrameworksBuildPhase;
			buildActionMask = 2147483647;
			files = (
			);
			runOnlyForDeploymentPostprocessing = 0;
		};
		68FFBB6524AAC1C7004F1A75 /* Frameworks */ = {
			isa = PBXFrameworksBuildPhase;
			buildActionMask = 2147483647;
			files = (
			);
			runOnlyForDeploymentPostprocessing = 0;
		};
		68FFBB7024ABFB00004F1A75 /* Frameworks */ = {
			isa = PBXFrameworksBuildPhase;
			buildActionMask = 2147483647;
			files = (
			);
			runOnlyForDeploymentPostprocessing = 0;
		};
		68FFBB7B24AC0F59004F1A75 /* Frameworks */ = {
			isa = PBXFrameworksBuildPhase;
			buildActionMask = 2147483647;
			files = (
			);
			runOnlyForDeploymentPostprocessing = 0;
		};
		68FFBB8624AC18FE004F1A75 /* Frameworks */ = {
			isa = PBXFrameworksBuildPhase;
			buildActionMask = 2147483647;
			files = (
			);
			runOnlyForDeploymentPostprocessing = 0;
		};
/* End PBXFrameworksBuildPhase section */

/* Begin PBXGroup section */
		6696AF5824B1A13900163399 /* StringToInteger */ = {
			isa = PBXGroup;
			children = (
				6696AF5924B1A13900163399 /* main.cpp */,
			);
			path = StringToInteger;
			sourceTree = "<group>";
		};
		6696AF6324B1B0F600163399 /* ContainerWithMostWater */ = {
			isa = PBXGroup;
			children = (
				6696AF6424B1B0F600163399 /* main.cpp */,
			);
			path = ContainerWithMostWater;
			sourceTree = "<group>";
		};
		6696AF6E24B1B50000163399 /* RomantoInteger */ = {
			isa = PBXGroup;
			children = (
				6696AF6F24B1B50000163399 /* main.cpp */,
			);
			path = RomantoInteger;
			sourceTree = "<group>";
		};
		68FA5C8C24B2AC0F003C9E9E /* LongestCommonPrefix */ = {
			isa = PBXGroup;
			children = (
				68FA5C8D24B2AC0F003C9E9E /* main.cpp */,
			);
			path = LongestCommonPrefix;
			sourceTree = "<group>";
		};
		68FA5C9724B2B202003C9E9E /* ThreeSum */ = {
			isa = PBXGroup;
			children = (
				68FA5C9824B2B202003C9E9E /* main.cpp */,
			);
			path = ThreeSum;
			sourceTree = "<group>";
		};
		68FA5CA224B2B5DA003C9E9E /* Letter Combinations of a Phone Number */ = {
			isa = PBXGroup;
			children = (
				68FA5CA324B2B5DA003C9E9E /* main.cpp */,
			);
			path = "Letter Combinations of a Phone Number";
			sourceTree = "<group>";
		};
		68FA5CAD24B3DF86003C9E9E /* Remove Nth Node From End of List */ = {
			isa = PBXGroup;
			children = (
				68FA5CAE24B3DF86003C9E9E /* main.cpp */,
			);
			path = "Remove Nth Node From End of List";
			sourceTree = "<group>";
		};
		68FA5CB824B3E72F003C9E9E /* ValidParentheses */ = {
			isa = PBXGroup;
			children = (
				68FA5CB924B3E72F003C9E9E /* main.cpp */,
			);
			path = ValidParentheses;
			sourceTree = "<group>";
		};
		68FA5CC324B3EBAD003C9E9E /* MergeTwoSortedLists */ = {
			isa = PBXGroup;
			children = (
				68FA5CC424B3EBAD003C9E9E /* main.cpp */,
			);
			path = MergeTwoSortedLists;
			sourceTree = "<group>";
		};
		68FA5CCE24B40361003C9E9E /* GenerateParentheses */ = {
			isa = PBXGroup;
			children = (
				68FA5CCF24B40361003C9E9E /* main.cpp */,
			);
			path = GenerateParentheses;
			sourceTree = "<group>";
		};
		68FFBB3024AAA022004F1A75 = {
			isa = PBXGroup;
			children = (
				68FFBB3B24AAA022004F1A75 /* TopInterview */,
				68FFBB4824AAA075004F1A75 /* KthLargestElementinanArray */,
				68FFBB5324AAA7D4004F1A75 /* TwoSum */,
				68FFBB5E24AAAC52004F1A75 /* AddTwoNumbers */,
				68FFBB6924AAC1C7004F1A75 /* LongestSubstringWithoutRepeatingCharacters */,
				68FFBB7424ABFB00004F1A75 /* MedianOfTwoSortedArrays */,
				68FFBB7F24AC0F59004F1A75 /* LongestPalindromicSubstring */,
				68FFBB8A24AC18FE004F1A75 /* ReverseInteger */,
				6696AF5824B1A13900163399 /* StringToInteger */,
				6696AF6324B1B0F600163399 /* ContainerWithMostWater */,
				6696AF6E24B1B50000163399 /* RomantoInteger */,
				68FA5C8C24B2AC0F003C9E9E /* LongestCommonPrefix */,
				68FA5C9724B2B202003C9E9E /* ThreeSum */,
				68FA5CA224B2B5DA003C9E9E /* Letter Combinations of a Phone Number */,
				68FA5CAD24B3DF86003C9E9E /* Remove Nth Node From End of List */,
				68FA5CB824B3E72F003C9E9E /* ValidParentheses */,
				68FA5CC324B3EBAD003C9E9E /* MergeTwoSortedLists */,
				68FA5CCE24B40361003C9E9E /* GenerateParentheses */,
				68FFBB3A24AAA022004F1A75 /* Products */,
			);
			sourceTree = "<group>";
		};
		68FFBB3A24AAA022004F1A75 /* Products */ = {
			isa = PBXGroup;
			children = (
				68FFBB3924AAA022004F1A75 /* TopInterview */,
				68FFBB4724AAA075004F1A75 /* KthLargestElementinanArray */,
				68FFBB5224AAA7D4004F1A75 /* TwoSum */,
				68FFBB5D24AAAC52004F1A75 /* AddTwoNumbers */,
				68FFBB6824AAC1C7004F1A75 /* LongestSubstringWithoutRepeatingCharacters */,
				68FFBB7324ABFB00004F1A75 /* MedianOfTwoSortedArrays */,
				68FFBB7E24AC0F59004F1A75 /* LongestPalindromicSubstring */,
				68FFBB8924AC18FE004F1A75 /* ReverseInteger */,
				6696AF5724B1A13900163399 /* StringToInteger */,
				6696AF6224B1B0F600163399 /* ContainerWithMostWater */,
				6696AF6D24B1B50000163399 /* RomantoInteger */,
				68FA5C8B24B2AC0F003C9E9E /* LongestCommonPrefix */,
				68FA5C9624B2B202003C9E9E /* ThreeSum */,
				68FA5CA124B2B5DA003C9E9E /* Letter Combinations of a Phone Number */,
				68FA5CAC24B3DF86003C9E9E /* Remove Nth Node From End of List */,
				68FA5CB724B3E72F003C9E9E /* ValidParentheses */,
				68FA5CC224B3EBAD003C9E9E /* MergeTwoSortedLists */,
				68FA5CCD24B40361003C9E9E /* GenerateParentheses */,
			);
			name = Products;
			sourceTree = "<group>";
		};
		68FFBB3B24AAA022004F1A75 /* TopInterview */ = {
			isa = PBXGroup;
			children = (
				68FFBB3C24AAA022004F1A75 /* main.cpp */,
			);
			path = TopInterview;
			sourceTree = "<group>";
		};
		68FFBB4824AAA075004F1A75 /* KthLargestElementinanArray */ = {
			isa = PBXGroup;
			children = (
				68FFBB4924AAA075004F1A75 /* main.cpp */,
			);
			path = KthLargestElementinanArray;
			sourceTree = "<group>";
		};
		68FFBB5324AAA7D4004F1A75 /* TwoSum */ = {
			isa = PBXGroup;
			children = (
				68FFBB5424AAA7D4004F1A75 /* main.cpp */,
			);
			path = TwoSum;
			sourceTree = "<group>";
		};
		68FFBB5E24AAAC52004F1A75 /* AddTwoNumbers */ = {
			isa = PBXGroup;
			children = (
				68FFBB5F24AAAC52004F1A75 /* main.cpp */,
			);
			path = AddTwoNumbers;
			sourceTree = "<group>";
		};
		68FFBB6924AAC1C7004F1A75 /* LongestSubstringWithoutRepeatingCharacters */ = {
			isa = PBXGroup;
			children = (
				68FFBB6A24AAC1C7004F1A75 /* main.cpp */,
			);
			path = LongestSubstringWithoutRepeatingCharacters;
			sourceTree = "<group>";
		};
		68FFBB7424ABFB00004F1A75 /* MedianOfTwoSortedArrays */ = {
			isa = PBXGroup;
			children = (
				68FFBB7524ABFB00004F1A75 /* main.cpp */,
			);
			path = MedianOfTwoSortedArrays;
			sourceTree = "<group>";
		};
		68FFBB7F24AC0F59004F1A75 /* LongestPalindromicSubstring */ = {
			isa = PBXGroup;
			children = (
				68FFBB8024AC0F59004F1A75 /* main.cpp */,
			);
			path = LongestPalindromicSubstring;
			sourceTree = "<group>";
		};
		68FFBB8A24AC18FE004F1A75 /* ReverseInteger */ = {
			isa = PBXGroup;
			children = (
				68FFBB8B24AC18FE004F1A75 /* main.cpp */,
			);
			path = ReverseInteger;
			sourceTree = "<group>";
		};
/* End PBXGroup section */

/* Begin PBXNativeTarget section */
		6696AF5624B1A13900163399 /* StringToInteger */ = {
			isa = PBXNativeTarget;
			buildConfigurationList = 6696AF5D24B1A13900163399 /* Build configuration list for PBXNativeTarget "StringToInteger" */;
			buildPhases = (
				6696AF5324B1A13900163399 /* Sources */,
				6696AF5424B1A13900163399 /* Frameworks */,
				6696AF5524B1A13900163399 /* CopyFiles */,
			);
			buildRules = (
			);
			dependencies = (
			);
			name = StringToInteger;
			productName = StringToInteger;
			productReference = 6696AF5724B1A13900163399 /* StringToInteger */;
			productType = "com.apple.product-type.tool";
		};
		6696AF6124B1B0F600163399 /* ContainerWithMostWater */ = {
			isa = PBXNativeTarget;
			buildConfigurationList = 6696AF6624B1B0F600163399 /* Build configuration list for PBXNativeTarget "ContainerWithMostWater" */;
			buildPhases = (
				6696AF5E24B1B0F600163399 /* Sources */,
				6696AF5F24B1B0F600163399 /* Frameworks */,
				6696AF6024B1B0F600163399 /* CopyFiles */,
			);
			buildRules = (
			);
			dependencies = (
			);
			name = ContainerWithMostWater;
			productName = ContainerWithMostWater;
			productReference = 6696AF6224B1B0F600163399 /* ContainerWithMostWater */;
			productType = "com.apple.product-type.tool";
		};
		6696AF6C24B1B50000163399 /* RomantoInteger */ = {
			isa = PBXNativeTarget;
			buildConfigurationList = 6696AF7124B1B50000163399 /* Build configuration list for PBXNativeTarget "RomantoInteger" */;
			buildPhases = (
				6696AF6924B1B50000163399 /* Sources */,
				6696AF6A24B1B50000163399 /* Frameworks */,
				6696AF6B24B1B50000163399 /* CopyFiles */,
			);
			buildRules = (
			);
			dependencies = (
			);
			name = RomantoInteger;
			productName = RomantoInteger;
			productReference = 6696AF6D24B1B50000163399 /* RomantoInteger */;
			productType = "com.apple.product-type.tool";
		};
		68FA5C8A24B2AC0F003C9E9E /* LongestCommonPrefix */ = {
			isa = PBXNativeTarget;
			buildConfigurationList = 68FA5C8F24B2AC0F003C9E9E /* Build configuration list for PBXNativeTarget "LongestCommonPrefix" */;
			buildPhases = (
				68FA5C8724B2AC0F003C9E9E /* Sources */,
				68FA5C8824B2AC0F003C9E9E /* Frameworks */,
				68FA5C8924B2AC0F003C9E9E /* CopyFiles */,
			);
			buildRules = (
			);
			dependencies = (
			);
			name = LongestCommonPrefix;
			productName = LongestCommonPrefix;
			productReference = 68FA5C8B24B2AC0F003C9E9E /* LongestCommonPrefix */;
			productType = "com.apple.product-type.tool";
		};
		68FA5C9524B2B202003C9E9E /* ThreeSum */ = {
			isa = PBXNativeTarget;
			buildConfigurationList = 68FA5C9A24B2B202003C9E9E /* Build configuration list for PBXNativeTarget "ThreeSum" */;
			buildPhases = (
				68FA5C9224B2B202003C9E9E /* Sources */,
				68FA5C9324B2B202003C9E9E /* Frameworks */,
				68FA5C9424B2B202003C9E9E /* CopyFiles */,
			);
			buildRules = (
			);
			dependencies = (
			);
			name = ThreeSum;
			productName = ThreeSum;
			productReference = 68FA5C9624B2B202003C9E9E /* ThreeSum */;
			productType = "com.apple.product-type.tool";
		};
		68FA5CA024B2B5DA003C9E9E /* Letter Combinations of a Phone Number */ = {
			isa = PBXNativeTarget;
			buildConfigurationList = 68FA5CA524B2B5DA003C9E9E /* Build configuration list for PBXNativeTarget "Letter Combinations of a Phone Number" */;
			buildPhases = (
				68FA5C9D24B2B5DA003C9E9E /* Sources */,
				68FA5C9E24B2B5DA003C9E9E /* Frameworks */,
				68FA5C9F24B2B5DA003C9E9E /* CopyFiles */,
			);
			buildRules = (
			);
			dependencies = (
			);
			name = "Letter Combinations of a Phone Number";
			productName = "Letter Combinations of a Phone Number";
			productReference = 68FA5CA124B2B5DA003C9E9E /* Letter Combinations of a Phone Number */;
			productType = "com.apple.product-type.tool";
		};
		68FA5CAB24B3DF86003C9E9E /* Remove Nth Node From End of List */ = {
			isa = PBXNativeTarget;
			buildConfigurationList = 68FA5CB024B3DF86003C9E9E /* Build configuration list for PBXNativeTarget "Remove Nth Node From End of List" */;
			buildPhases = (
				68FA5CA824B3DF86003C9E9E /* Sources */,
				68FA5CA924B3DF86003C9E9E /* Frameworks */,
				68FA5CAA24B3DF86003C9E9E /* CopyFiles */,
			);
			buildRules = (
			);
			dependencies = (
			);
			name = "Remove Nth Node From End of List";
			productName = "Remove Nth Node From End of List";
			productReference = 68FA5CAC24B3DF86003C9E9E /* Remove Nth Node From End of List */;
			productType = "com.apple.product-type.tool";
		};
		68FA5CB624B3E72F003C9E9E /* ValidParentheses */ = {
			isa = PBXNativeTarget;
			buildConfigurationList = 68FA5CBB24B3E72F003C9E9E /* Build configuration list for PBXNativeTarget "ValidParentheses" */;
			buildPhases = (
				68FA5CB324B3E72F003C9E9E /* Sources */,
				68FA5CB424B3E72F003C9E9E /* Frameworks */,
				68FA5CB524B3E72F003C9E9E /* CopyFiles */,
			);
			buildRules = (
			);
			dependencies = (
			);
			name = ValidParentheses;
			productName = ValidParentheses;
			productReference = 68FA5CB724B3E72F003C9E9E /* ValidParentheses */;
			productType = "com.apple.product-type.tool";
		};
		68FA5CC124B3EBAD003C9E9E /* MergeTwoSortedLists */ = {
			isa = PBXNativeTarget;
			buildConfigurationList = 68FA5CC624B3EBAD003C9E9E /* Build configuration list for PBXNativeTarget "MergeTwoSortedLists" */;
			buildPhases = (
				68FA5CBE24B3EBAD003C9E9E /* Sources */,
				68FA5CBF24B3EBAD003C9E9E /* Frameworks */,
				68FA5CC024B3EBAD003C9E9E /* CopyFiles */,
			);
			buildRules = (
			);
			dependencies = (
			);
			name = MergeTwoSortedLists;
			productName = MergeTwoSortedLists;
			productReference = 68FA5CC224B3EBAD003C9E9E /* MergeTwoSortedLists */;
			productType = "com.apple.product-type.tool";
		};
		68FA5CCC24B40361003C9E9E /* GenerateParentheses */ = {
			isa = PBXNativeTarget;
			buildConfigurationList = 68FA5CD124B40361003C9E9E /* Build configuration list for PBXNativeTarget "GenerateParentheses" */;
			buildPhases = (
				68FA5CC924B40361003C9E9E /* Sources */,
				68FA5CCA24B40361003C9E9E /* Frameworks */,
				68FA5CCB24B40361003C9E9E /* CopyFiles */,
			);
			buildRules = (
			);
			dependencies = (
			);
			name = GenerateParentheses;
			productName = GenerateParentheses;
			productReference = 68FA5CCD24B40361003C9E9E /* GenerateParentheses */;
			productType = "com.apple.product-type.tool";
		};
		68FFBB3824AAA022004F1A75 /* TopInterview */ = {
			isa = PBXNativeTarget;
			buildConfigurationList = 68FFBB4024AAA022004F1A75 /* Build configuration list for PBXNativeTarget "TopInterview" */;
			buildPhases = (
				68FFBB3524AAA022004F1A75 /* Sources */,
				68FFBB3624AAA022004F1A75 /* Frameworks */,
				68FFBB3724AAA022004F1A75 /* CopyFiles */,
			);
			buildRules = (
			);
			dependencies = (
			);
			name = TopInterview;
			productName = TopInterview;
			productReference = 68FFBB3924AAA022004F1A75 /* TopInterview */;
			productType = "com.apple.product-type.tool";
		};
		68FFBB4624AAA075004F1A75 /* KthLargestElementinanArray */ = {
			isa = PBXNativeTarget;
			buildConfigurationList = 68FFBB4B24AAA075004F1A75 /* Build configuration list for PBXNativeTarget "KthLargestElementinanArray" */;
			buildPhases = (
				68FFBB4324AAA075004F1A75 /* Sources */,
				68FFBB4424AAA075004F1A75 /* Frameworks */,
				68FFBB4524AAA075004F1A75 /* CopyFiles */,
			);
			buildRules = (
			);
			dependencies = (
			);
			name = KthLargestElementinanArray;
			productName = KthLargestElementinanArray;
			productReference = 68FFBB4724AAA075004F1A75 /* KthLargestElementinanArray */;
			productType = "com.apple.product-type.tool";
		};
		68FFBB5124AAA7D4004F1A75 /* TwoSum */ = {
			isa = PBXNativeTarget;
			buildConfigurationList = 68FFBB5624AAA7D4004F1A75 /* Build configuration list for PBXNativeTarget "TwoSum" */;
			buildPhases = (
				68FFBB4E24AAA7D4004F1A75 /* Sources */,
				68FFBB4F24AAA7D4004F1A75 /* Frameworks */,
				68FFBB5024AAA7D4004F1A75 /* CopyFiles */,
			);
			buildRules = (
			);
			dependencies = (
			);
			name = TwoSum;
			productName = TwoSum;
			productReference = 68FFBB5224AAA7D4004F1A75 /* TwoSum */;
			productType = "com.apple.product-type.tool";
		};
		68FFBB5C24AAAC52004F1A75 /* AddTwoNumbers */ = {
			isa = PBXNativeTarget;
			buildConfigurationList = 68FFBB6124AAAC52004F1A75 /* Build configuration list for PBXNativeTarget "AddTwoNumbers" */;
			buildPhases = (
				68FFBB5924AAAC52004F1A75 /* Sources */,
				68FFBB5A24AAAC52004F1A75 /* Frameworks */,
				68FFBB5B24AAAC52004F1A75 /* CopyFiles */,
			);
			buildRules = (
			);
			dependencies = (
			);
			name = AddTwoNumbers;
			productName = AddTwoNumbers;
			productReference = 68FFBB5D24AAAC52004F1A75 /* AddTwoNumbers */;
			productType = "com.apple.product-type.tool";
		};
		68FFBB6724AAC1C7004F1A75 /* LongestSubstringWithoutRepeatingCharacters */ = {
			isa = PBXNativeTarget;
			buildConfigurationList = 68FFBB6C24AAC1C7004F1A75 /* Build configuration list for PBXNativeTarget "LongestSubstringWithoutRepeatingCharacters" */;
			buildPhases = (
				68FFBB6424AAC1C7004F1A75 /* Sources */,
				68FFBB6524AAC1C7004F1A75 /* Frameworks */,
				68FFBB6624AAC1C7004F1A75 /* CopyFiles */,
			);
			buildRules = (
			);
			dependencies = (
			);
			name = LongestSubstringWithoutRepeatingCharacters;
			productName = LongestSubstringWithoutRepeatingCharacters;
			productReference = 68FFBB6824AAC1C7004F1A75 /* LongestSubstringWithoutRepeatingCharacters */;
			productType = "com.apple.product-type.tool";
		};
		68FFBB7224ABFB00004F1A75 /* MedianOfTwoSortedArrays */ = {
			isa = PBXNativeTarget;
			buildConfigurationList = 68FFBB7724ABFB00004F1A75 /* Build configuration list for PBXNativeTarget "MedianOfTwoSortedArrays" */;
			buildPhases = (
				68FFBB6F24ABFB00004F1A75 /* Sources */,
				68FFBB7024ABFB00004F1A75 /* Frameworks */,
				68FFBB7124ABFB00004F1A75 /* CopyFiles */,
			);
			buildRules = (
			);
			dependencies = (
			);
			name = MedianOfTwoSortedArrays;
			productName = MedianOfTwoSortedArrays;
			productReference = 68FFBB7324ABFB00004F1A75 /* MedianOfTwoSortedArrays */;
			productType = "com.apple.product-type.tool";
		};
		68FFBB7D24AC0F59004F1A75 /* LongestPalindromicSubstring */ = {
			isa = PBXNativeTarget;
			buildConfigurationList = 68FFBB8224AC0F59004F1A75 /* Build configuration list for PBXNativeTarget "LongestPalindromicSubstring" */;
			buildPhases = (
				68FFBB7A24AC0F59004F1A75 /* Sources */,
				68FFBB7B24AC0F59004F1A75 /* Frameworks */,
				68FFBB7C24AC0F59004F1A75 /* CopyFiles */,
			);
			buildRules = (
			);
			dependencies = (
			);
			name = LongestPalindromicSubstring;
			productName = LongestPalindromicSubstring;
			productReference = 68FFBB7E24AC0F59004F1A75 /* LongestPalindromicSubstring */;
			productType = "com.apple.product-type.tool";
		};
		68FFBB8824AC18FE004F1A75 /* ReverseInteger */ = {
			isa = PBXNativeTarget;
			buildConfigurationList = 68FFBB8D24AC18FE004F1A75 /* Build configuration list for PBXNativeTarget "ReverseInteger" */;
			buildPhases = (
				68FFBB8524AC18FE004F1A75 /* Sources */,
				68FFBB8624AC18FE004F1A75 /* Frameworks */,
				68FFBB8724AC18FE004F1A75 /* CopyFiles */,
			);
			buildRules = (
			);
			dependencies = (
			);
			name = ReverseInteger;
			productName = ReverseInteger;
			productReference = 68FFBB8924AC18FE004F1A75 /* ReverseInteger */;
			productType = "com.apple.product-type.tool";
		};
/* End PBXNativeTarget section */

/* Begin PBXProject section */
		68FFBB3124AAA022004F1A75 /* Project object */ = {
			isa = PBXProject;
			attributes = {
				LastUpgradeCheck = 1150;
				ORGANIZATIONNAME = bughh;
				TargetAttributes = {
					6696AF5624B1A13900163399 = {
						CreatedOnToolsVersion = 11.5;
					};
					6696AF6124B1B0F600163399 = {
						CreatedOnToolsVersion = 11.5;
					};
					6696AF6C24B1B50000163399 = {
						CreatedOnToolsVersion = 11.5;
					};
					68FA5C8A24B2AC0F003C9E9E = {
						CreatedOnToolsVersion = 11.5;
					};
					68FA5C9524B2B202003C9E9E = {
						CreatedOnToolsVersion = 11.5;
					};
					68FA5CA024B2B5DA003C9E9E = {
						CreatedOnToolsVersion = 11.5;
					};
					68FA5CAB24B3DF86003C9E9E = {
						CreatedOnToolsVersion = 11.5;
					};
					68FA5CB624B3E72F003C9E9E = {
						CreatedOnToolsVersion = 11.5;
					};
					68FA5CC124B3EBAD003C9E9E = {
						CreatedOnToolsVersion = 11.5;
					};
					68FA5CCC24B40361003C9E9E = {
						CreatedOnToolsVersion = 11.5;
					};
					68FFBB3824AAA022004F1A75 = {
						CreatedOnToolsVersion = 11.5;
					};
					68FFBB4624AAA075004F1A75 = {
						CreatedOnToolsVersion = 11.5;
					};
					68FFBB5124AAA7D4004F1A75 = {
						CreatedOnToolsVersion = 11.5;
					};
					68FFBB5C24AAAC52004F1A75 = {
						CreatedOnToolsVersion = 11.5;
					};
					68FFBB6724AAC1C7004F1A75 = {
						CreatedOnToolsVersion = 11.5;
					};
					68FFBB7224ABFB00004F1A75 = {
						CreatedOnToolsVersion = 11.5;
					};
					68FFBB7D24AC0F59004F1A75 = {
						CreatedOnToolsVersion = 11.5;
					};
					68FFBB8824AC18FE004F1A75 = {
						CreatedOnToolsVersion = 11.5;
					};
				};
			};
			buildConfigurationList = 68FFBB3424AAA022004F1A75 /* Build configuration list for PBXProject "TopInterview" */;
			compatibilityVersion = "Xcode 9.3";
			developmentRegion = en;
			hasScannedForEncodings = 0;
			knownRegions = (
				en,
				Base,
			);
			mainGroup = 68FFBB3024AAA022004F1A75;
			productRefGroup = 68FFBB3A24AAA022004F1A75 /* Products */;
			projectDirPath = "";
			projectRoot = "";
			targets = (
				68FFBB3824AAA022004F1A75 /* TopInterview */,
				68FFBB4624AAA075004F1A75 /* KthLargestElementinanArray */,
				68FFBB5124AAA7D4004F1A75 /* TwoSum */,
				68FFBB5C24AAAC52004F1A75 /* AddTwoNumbers */,
				68FFBB6724AAC1C7004F1A75 /* LongestSubstringWithoutRepeatingCharacters */,
				68FFBB7224ABFB00004F1A75 /* MedianOfTwoSortedArrays */,
				68FFBB7D24AC0F59004F1A75 /* LongestPalindromicSubstring */,
				68FFBB8824AC18FE004F1A75 /* ReverseInteger */,
				6696AF5624B1A13900163399 /* StringToInteger */,
				6696AF6124B1B0F600163399 /* ContainerWithMostWater */,
				6696AF6C24B1B50000163399 /* RomantoInteger */,
				68FA5C8A24B2AC0F003C9E9E /* LongestCommonPrefix */,
				68FA5C9524B2B202003C9E9E /* ThreeSum */,
				68FA5CA024B2B5DA003C9E9E /* Letter Combinations of a Phone Number */,
				68FA5CAB24B3DF86003C9E9E /* Remove Nth Node From End of List */,
				68FA5CB624B3E72F003C9E9E /* ValidParentheses */,
				68FA5CC124B3EBAD003C9E9E /* MergeTwoSortedLists */,
				68FA5CCC24B40361003C9E9E /* GenerateParentheses */,
			);
		};
/* End PBXProject section */

/* Begin PBXSourcesBuildPhase section */
		6696AF5324B1A13900163399 /* Sources */ = {
			isa = PBXSourcesBuildPhase;
			buildActionMask = 2147483647;
			files = (
				6696AF5A24B1A13900163399 /* main.cpp in Sources */,
			);
			runOnlyForDeploymentPostprocessing = 0;
		};
		6696AF5E24B1B0F600163399 /* Sources */ = {
			isa = PBXSourcesBuildPhase;
			buildActionMask = 2147483647;
			files = (
				6696AF6524B1B0F600163399 /* main.cpp in Sources */,
			);
			runOnlyForDeploymentPostprocessing = 0;
		};
		6696AF6924B1B50000163399 /* Sources */ = {
			isa = PBXSourcesBuildPhase;
			buildActionMask = 2147483647;
			files = (
				6696AF7024B1B50000163399 /* main.cpp in Sources */,
			);
			runOnlyForDeploymentPostprocessing = 0;
		};
		68FA5C8724B2AC0F003C9E9E /* Sources */ = {
			isa = PBXSourcesBuildPhase;
			buildActionMask = 2147483647;
			files = (
				68FA5C8E24B2AC0F003C9E9E /* main.cpp in Sources */,
			);
			runOnlyForDeploymentPostprocessing = 0;
		};
		68FA5C9224B2B202003C9E9E /* Sources */ = {
			isa = PBXSourcesBuildPhase;
			buildActionMask = 2147483647;
			files = (
				68FA5C9924B2B202003C9E9E /* main.cpp in Sources */,
			);
			runOnlyForDeploymentPostprocessing = 0;
		};
		68FA5C9D24B2B5DA003C9E9E /* Sources */ = {
			isa = PBXSourcesBuildPhase;
			buildActionMask = 2147483647;
			files = (
				68FA5CA424B2B5DA003C9E9E /* main.cpp in Sources */,
			);
			runOnlyForDeploymentPostprocessing = 0;
		};
		68FA5CA824B3DF86003C9E9E /* Sources */ = {
			isa = PBXSourcesBuildPhase;
			buildActionMask = 2147483647;
			files = (
				68FA5CAF24B3DF86003C9E9E /* main.cpp in Sources */,
			);
			runOnlyForDeploymentPostprocessing = 0;
		};
		68FA5CB324B3E72F003C9E9E /* Sources */ = {
			isa = PBXSourcesBuildPhase;
			buildActionMask = 2147483647;
			files = (
				68FA5CBA24B3E72F003C9E9E /* main.cpp in Sources */,
			);
			runOnlyForDeploymentPostprocessing = 0;
		};
		68FA5CBE24B3EBAD003C9E9E /* Sources */ = {
			isa = PBXSourcesBuildPhase;
			buildActionMask = 2147483647;
			files = (
				68FA5CC524B3EBAD003C9E9E /* main.cpp in Sources */,
			);
			runOnlyForDeploymentPostprocessing = 0;
		};
		68FA5CC924B40361003C9E9E /* Sources */ = {
			isa = PBXSourcesBuildPhase;
			buildActionMask = 2147483647;
			files = (
				68FA5CD024B40361003C9E9E /* main.cpp in Sources */,
			);
			runOnlyForDeploymentPostprocessing = 0;
		};
		68FFBB3524AAA022004F1A75 /* Sources */ = {
			isa = PBXSourcesBuildPhase;
			buildActionMask = 2147483647;
			files = (
				68FFBB3D24AAA022004F1A75 /* main.cpp in Sources */,
			);
			runOnlyForDeploymentPostprocessing = 0;
		};
		68FFBB4324AAA075004F1A75 /* Sources */ = {
			isa = PBXSourcesBuildPhase;
			buildActionMask = 2147483647;
			files = (
				68FFBB4A24AAA075004F1A75 /* main.cpp in Sources */,
			);
			runOnlyForDeploymentPostprocessing = 0;
		};
		68FFBB4E24AAA7D4004F1A75 /* Sources */ = {
			isa = PBXSourcesBuildPhase;
			buildActionMask = 2147483647;
			files = (
				68FFBB5524AAA7D4004F1A75 /* main.cpp in Sources */,
			);
			runOnlyForDeploymentPostprocessing = 0;
		};
		68FFBB5924AAAC52004F1A75 /* Sources */ = {
			isa = PBXSourcesBuildPhase;
			buildActionMask = 2147483647;
			files = (
				68FFBB6024AAAC52004F1A75 /* main.cpp in Sources */,
			);
			runOnlyForDeploymentPostprocessing = 0;
		};
		68FFBB6424AAC1C7004F1A75 /* Sources */ = {
			isa = PBXSourcesBuildPhase;
			buildActionMask = 2147483647;
			files = (
				68FFBB6B24AAC1C7004F1A75 /* main.cpp in Sources */,
			);
			runOnlyForDeploymentPostprocessing = 0;
		};
		68FFBB6F24ABFB00004F1A75 /* Sources */ = {
			isa = PBXSourcesBuildPhase;
			buildActionMask = 2147483647;
			files = (
				68FFBB7624ABFB00004F1A75 /* main.cpp in Sources */,
			);
			runOnlyForDeploymentPostprocessing = 0;
		};
		68FFBB7A24AC0F59004F1A75 /* Sources */ = {
			isa = PBXSourcesBuildPhase;
			buildActionMask = 2147483647;
			files = (
				68FFBB8124AC0F59004F1A75 /* main.cpp in Sources */,
			);
			runOnlyForDeploymentPostprocessing = 0;
		};
		68FFBB8524AC18FE004F1A75 /* Sources */ = {
			isa = PBXSourcesBuildPhase;
			buildActionMask = 2147483647;
			files = (
				68FFBB8C24AC18FE004F1A75 /* main.cpp in Sources */,
			);
			runOnlyForDeploymentPostprocessing = 0;
		};
/* End PBXSourcesBuildPhase section */

/* Begin XCBuildConfiguration section */
		6696AF5B24B1A13900163399 /* Debug */ = {
			isa = XCBuildConfiguration;
			buildSettings = {
				CODE_SIGN_STYLE = Automatic;
				PRODUCT_NAME = "$(TARGET_NAME)";
			};
			name = Debug;
		};
		6696AF5C24B1A13900163399 /* Release */ = {
			isa = XCBuildConfiguration;
			buildSettings = {
				CODE_SIGN_STYLE = Automatic;
				PRODUCT_NAME = "$(TARGET_NAME)";
			};
			name = Release;
		};
		6696AF6724B1B0F600163399 /* Debug */ = {
			isa = XCBuildConfiguration;
			buildSettings = {
				CODE_SIGN_STYLE = Automatic;
				PRODUCT_NAME = "$(TARGET_NAME)";
			};
			name = Debug;
		};
		6696AF6824B1B0F600163399 /* Release */ = {
			isa = XCBuildConfiguration;
			buildSettings = {
				CODE_SIGN_STYLE = Automatic;
				PRODUCT_NAME = "$(TARGET_NAME)";
			};
			name = Release;
		};
		6696AF7224B1B50000163399 /* Debug */ = {
			isa = XCBuildConfiguration;
			buildSettings = {
				CODE_SIGN_STYLE = Automatic;
				PRODUCT_NAME = "$(TARGET_NAME)";
			};
			name = Debug;
		};
		6696AF7324B1B50000163399 /* Release */ = {
			isa = XCBuildConfiguration;
			buildSettings = {
				CODE_SIGN_STYLE = Automatic;
				PRODUCT_NAME = "$(TARGET_NAME)";
			};
			name = Release;
		};
		68FA5C9024B2AC0F003C9E9E /* Debug */ = {
			isa = XCBuildConfiguration;
			buildSettings = {
				CODE_SIGN_STYLE = Automatic;
				PRODUCT_NAME = "$(TARGET_NAME)";
			};
			name = Debug;
		};
		68FA5C9124B2AC0F003C9E9E /* Release */ = {
			isa = XCBuildConfiguration;
			buildSettings = {
				CODE_SIGN_STYLE = Automatic;
				PRODUCT_NAME = "$(TARGET_NAME)";
			};
			name = Release;
		};
		68FA5C9B24B2B202003C9E9E /* Debug */ = {
			isa = XCBuildConfiguration;
			buildSettings = {
				CODE_SIGN_STYLE = Automatic;
				PRODUCT_NAME = "$(TARGET_NAME)";
			};
			name = Debug;
		};
		68FA5C9C24B2B202003C9E9E /* Release */ = {
			isa = XCBuildConfiguration;
			buildSettings = {
				CODE_SIGN_STYLE = Automatic;
				PRODUCT_NAME = "$(TARGET_NAME)";
			};
			name = Release;
		};
		68FA5CA624B2B5DA003C9E9E /* Debug */ = {
			isa = XCBuildConfiguration;
			buildSettings = {
				CODE_SIGN_STYLE = Automatic;
				PRODUCT_NAME = "$(TARGET_NAME)";
			};
			name = Debug;
		};
		68FA5CA724B2B5DA003C9E9E /* Release */ = {
			isa = XCBuildConfiguration;
			buildSettings = {
				CODE_SIGN_STYLE = Automatic;
				PRODUCT_NAME = "$(TARGET_NAME)";
			};
			name = Release;
		};
		68FA5CB124B3DF86003C9E9E /* Debug */ = {
			isa = XCBuildConfiguration;
			buildSettings = {
				CODE_SIGN_STYLE = Automatic;
				PRODUCT_NAME = "$(TARGET_NAME)";
			};
			name = Debug;
		};
		68FA5CB224B3DF86003C9E9E /* Release */ = {
			isa = XCBuildConfiguration;
			buildSettings = {
				CODE_SIGN_STYLE = Automatic;
				PRODUCT_NAME = "$(TARGET_NAME)";
			};
			name = Release;
		};
		68FA5CBC24B3E72F003C9E9E /* Debug */ = {
			isa = XCBuildConfiguration;
			buildSettings = {
				CODE_SIGN_STYLE = Automatic;
				PRODUCT_NAME = "$(TARGET_NAME)";
			};
			name = Debug;
		};
		68FA5CBD24B3E72F003C9E9E /* Release */ = {
			isa = XCBuildConfiguration;
			buildSettings = {
				CODE_SIGN_STYLE = Automatic;
				PRODUCT_NAME = "$(TARGET_NAME)";
			};
			name = Release;
		};
		68FA5CC724B3EBAD003C9E9E /* Debug */ = {
			isa = XCBuildConfiguration;
			buildSettings = {
				CODE_SIGN_STYLE = Automatic;
				PRODUCT_NAME = "$(TARGET_NAME)";
			};
			name = Debug;
		};
		68FA5CC824B3EBAD003C9E9E /* Release */ = {
			isa = XCBuildConfiguration;
			buildSettings = {
				CODE_SIGN_STYLE = Automatic;
				PRODUCT_NAME = "$(TARGET_NAME)";
			};
			name = Release;
		};
		68FA5CD224B40361003C9E9E /* Debug */ = {
			isa = XCBuildConfiguration;
			buildSettings = {
				CODE_SIGN_STYLE = Automatic;
				PRODUCT_NAME = "$(TARGET_NAME)";
			};
			name = Debug;
		};
		68FA5CD324B40361003C9E9E /* Release */ = {
			isa = XCBuildConfiguration;
			buildSettings = {
				CODE_SIGN_STYLE = Automatic;
				PRODUCT_NAME = "$(TARGET_NAME)";
			};
			name = Release;
		};
		68FFBB3E24AAA022004F1A75 /* Debug */ = {
			isa = XCBuildConfiguration;
			buildSettings = {
				ALWAYS_SEARCH_USER_PATHS = NO;
				CLANG_ANALYZER_NONNULL = YES;
				CLANG_ANALYZER_NUMBER_OBJECT_CONVERSION = YES_AGGRESSIVE;
				CLANG_CXX_LANGUAGE_STANDARD = "gnu++14";
				CLANG_CXX_LIBRARY = "libc++";
				CLANG_ENABLE_MODULES = YES;
				CLANG_ENABLE_OBJC_ARC = YES;
				CLANG_ENABLE_OBJC_WEAK = YES;
				CLANG_WARN_BLOCK_CAPTURE_AUTORELEASING = YES;
				CLANG_WARN_BOOL_CONVERSION = YES;
				CLANG_WARN_COMMA = YES;
				CLANG_WARN_CONSTANT_CONVERSION = YES;
				CLANG_WARN_DEPRECATED_OBJC_IMPLEMENTATIONS = YES;
				CLANG_WARN_DIRECT_OBJC_ISA_USAGE = YES_ERROR;
				CLANG_WARN_DOCUMENTATION_COMMENTS = YES;
				CLANG_WARN_EMPTY_BODY = YES;
				CLANG_WARN_ENUM_CONVERSION = YES;
				CLANG_WARN_INFINITE_RECURSION = YES;
				CLANG_WARN_INT_CONVERSION = YES;
				CLANG_WARN_NON_LITERAL_NULL_CONVERSION = YES;
				CLANG_WARN_OBJC_IMPLICIT_RETAIN_SELF = YES;
				CLANG_WARN_OBJC_LITERAL_CONVERSION = YES;
				CLANG_WARN_OBJC_ROOT_CLASS = YES_ERROR;
				CLANG_WARN_RANGE_LOOP_ANALYSIS = YES;
				CLANG_WARN_STRICT_PROTOTYPES = YES;
				CLANG_WARN_SUSPICIOUS_MOVE = YES;
				CLANG_WARN_UNGUARDED_AVAILABILITY = YES_AGGRESSIVE;
				CLANG_WARN_UNREACHABLE_CODE = YES;
				CLANG_WARN__DUPLICATE_METHOD_MATCH = YES;
				COPY_PHASE_STRIP = NO;
				DEBUG_INFORMATION_FORMAT = dwarf;
				ENABLE_STRICT_OBJC_MSGSEND = YES;
				ENABLE_TESTABILITY = YES;
				GCC_C_LANGUAGE_STANDARD = gnu11;
				GCC_DYNAMIC_NO_PIC = NO;
				GCC_NO_COMMON_BLOCKS = YES;
				GCC_OPTIMIZATION_LEVEL = 0;
				GCC_PREPROCESSOR_DEFINITIONS = (
					"DEBUG=1",
					"$(inherited)",
				);
				GCC_WARN_64_TO_32_BIT_CONVERSION = YES;
				GCC_WARN_ABOUT_RETURN_TYPE = YES_ERROR;
				GCC_WARN_UNDECLARED_SELECTOR = YES;
				GCC_WARN_UNINITIALIZED_AUTOS = YES_AGGRESSIVE;
				GCC_WARN_UNUSED_FUNCTION = YES;
				GCC_WARN_UNUSED_VARIABLE = YES;
				MACOSX_DEPLOYMENT_TARGET = 10.15;
				MTL_ENABLE_DEBUG_INFO = INCLUDE_SOURCE;
				MTL_FAST_MATH = YES;
				ONLY_ACTIVE_ARCH = YES;
				SDKROOT = macosx;
			};
			name = Debug;
		};
		68FFBB3F24AAA022004F1A75 /* Release */ = {
			isa = XCBuildConfiguration;
			buildSettings = {
				ALWAYS_SEARCH_USER_PATHS = NO;
				CLANG_ANALYZER_NONNULL = YES;
				CLANG_ANALYZER_NUMBER_OBJECT_CONVERSION = YES_AGGRESSIVE;
				CLANG_CXX_LANGUAGE_STANDARD = "gnu++14";
				CLANG_CXX_LIBRARY = "libc++";
				CLANG_ENABLE_MODULES = YES;
				CLANG_ENABLE_OBJC_ARC = YES;
				CLANG_ENABLE_OBJC_WEAK = YES;
				CLANG_WARN_BLOCK_CAPTURE_AUTORELEASING = YES;
				CLANG_WARN_BOOL_CONVERSION = YES;
				CLANG_WARN_COMMA = YES;
				CLANG_WARN_CONSTANT_CONVERSION = YES;
				CLANG_WARN_DEPRECATED_OBJC_IMPLEMENTATIONS = YES;
				CLANG_WARN_DIRECT_OBJC_ISA_USAGE = YES_ERROR;
				CLANG_WARN_DOCUMENTATION_COMMENTS = YES;
				CLANG_WARN_EMPTY_BODY = YES;
				CLANG_WARN_ENUM_CONVERSION = YES;
				CLANG_WARN_INFINITE_RECURSION = YES;
				CLANG_WARN_INT_CONVERSION = YES;
				CLANG_WARN_NON_LITERAL_NULL_CONVERSION = YES;
				CLANG_WARN_OBJC_IMPLICIT_RETAIN_SELF = YES;
				CLANG_WARN_OBJC_LITERAL_CONVERSION = YES;
				CLANG_WARN_OBJC_ROOT_CLASS = YES_ERROR;
				CLANG_WARN_RANGE_LOOP_ANALYSIS = YES;
				CLANG_WARN_STRICT_PROTOTYPES = YES;
				CLANG_WARN_SUSPICIOUS_MOVE = YES;
				CLANG_WARN_UNGUARDED_AVAILABILITY = YES_AGGRESSIVE;
				CLANG_WARN_UNREACHABLE_CODE = YES;
				CLANG_WARN__DUPLICATE_METHOD_MATCH = YES;
				COPY_PHASE_STRIP = NO;
				DEBUG_INFORMATION_FORMAT = "dwarf-with-dsym";
				ENABLE_NS_ASSERTIONS = NO;
				ENABLE_STRICT_OBJC_MSGSEND = YES;
				GCC_C_LANGUAGE_STANDARD = gnu11;
				GCC_NO_COMMON_BLOCKS = YES;
				GCC_WARN_64_TO_32_BIT_CONVERSION = YES;
				GCC_WARN_ABOUT_RETURN_TYPE = YES_ERROR;
				GCC_WARN_UNDECLARED_SELECTOR = YES;
				GCC_WARN_UNINITIALIZED_AUTOS = YES_AGGRESSIVE;
				GCC_WARN_UNUSED_FUNCTION = YES;
				GCC_WARN_UNUSED_VARIABLE = YES;
				MACOSX_DEPLOYMENT_TARGET = 10.15;
				MTL_ENABLE_DEBUG_INFO = NO;
				MTL_FAST_MATH = YES;
				SDKROOT = macosx;
			};
			name = Release;
		};
		68FFBB4124AAA022004F1A75 /* Debug */ = {
			isa = XCBuildConfiguration;
			buildSettings = {
				CODE_SIGN_STYLE = Automatic;
				PRODUCT_NAME = "$(TARGET_NAME)";
			};
			name = Debug;
		};
		68FFBB4224AAA022004F1A75 /* Release */ = {
			isa = XCBuildConfiguration;
			buildSettings = {
				CODE_SIGN_STYLE = Automatic;
				PRODUCT_NAME = "$(TARGET_NAME)";
			};
			name = Release;
		};
		68FFBB4C24AAA075004F1A75 /* Debug */ = {
			isa = XCBuildConfiguration;
			buildSettings = {
				CODE_SIGN_STYLE = Automatic;
				PRODUCT_NAME = "$(TARGET_NAME)";
			};
			name = Debug;
		};
		68FFBB4D24AAA075004F1A75 /* Release */ = {
			isa = XCBuildConfiguration;
			buildSettings = {
				CODE_SIGN_STYLE = Automatic;
				PRODUCT_NAME = "$(TARGET_NAME)";
			};
			name = Release;
		};
		68FFBB5724AAA7D4004F1A75 /* Debug */ = {
			isa = XCBuildConfiguration;
			buildSettings = {
				CODE_SIGN_STYLE = Automatic;
				PRODUCT_NAME = "$(TARGET_NAME)";
			};
			name = Debug;
		};
		68FFBB5824AAA7D4004F1A75 /* Release */ = {
			isa = XCBuildConfiguration;
			buildSettings = {
				CODE_SIGN_STYLE = Automatic;
				PRODUCT_NAME = "$(TARGET_NAME)";
			};
			name = Release;
		};
		68FFBB6224AAAC52004F1A75 /* Debug */ = {
			isa = XCBuildConfiguration;
			buildSettings = {
				CODE_SIGN_STYLE = Automatic;
				PRODUCT_NAME = "$(TARGET_NAME)";
			};
			name = Debug;
		};
		68FFBB6324AAAC52004F1A75 /* Release */ = {
			isa = XCBuildConfiguration;
			buildSettings = {
				CODE_SIGN_STYLE = Automatic;
				PRODUCT_NAME = "$(TARGET_NAME)";
			};
			name = Release;
		};
		68FFBB6D24AAC1C7004F1A75 /* Debug */ = {
			isa = XCBuildConfiguration;
			buildSettings = {
				CODE_SIGN_STYLE = Automatic;
				PRODUCT_NAME = "$(TARGET_NAME)";
			};
			name = Debug;
		};
		68FFBB6E24AAC1C7004F1A75 /* Release */ = {
			isa = XCBuildConfiguration;
			buildSettings = {
				CODE_SIGN_STYLE = Automatic;
				PRODUCT_NAME = "$(TARGET_NAME)";
			};
			name = Release;
		};
		68FFBB7824ABFB00004F1A75 /* Debug */ = {
			isa = XCBuildConfiguration;
			buildSettings = {
				CODE_SIGN_STYLE = Automatic;
				PRODUCT_NAME = "$(TARGET_NAME)";
			};
			name = Debug;
		};
		68FFBB7924ABFB00004F1A75 /* Release */ = {
			isa = XCBuildConfiguration;
			buildSettings = {
				CODE_SIGN_STYLE = Automatic;
				PRODUCT_NAME = "$(TARGET_NAME)";
			};
			name = Release;
		};
		68FFBB8324AC0F59004F1A75 /* Debug */ = {
			isa = XCBuildConfiguration;
			buildSettings = {
				CODE_SIGN_STYLE = Automatic;
				PRODUCT_NAME = "$(TARGET_NAME)";
			};
			name = Debug;
		};
		68FFBB8424AC0F59004F1A75 /* Release */ = {
			isa = XCBuildConfiguration;
			buildSettings = {
				CODE_SIGN_STYLE = Automatic;
				PRODUCT_NAME = "$(TARGET_NAME)";
			};
			name = Release;
		};
		68FFBB8E24AC18FE004F1A75 /* Debug */ = {
			isa = XCBuildConfiguration;
			buildSettings = {
				CODE_SIGN_STYLE = Automatic;
				PRODUCT_NAME = "$(TARGET_NAME)";
			};
			name = Debug;
		};
		68FFBB8F24AC18FE004F1A75 /* Release */ = {
			isa = XCBuildConfiguration;
			buildSettings = {
				CODE_SIGN_STYLE = Automatic;
				PRODUCT_NAME = "$(TARGET_NAME)";
			};
			name = Release;
		};
/* End XCBuildConfiguration section */

/* Begin XCConfigurationList section */
		6696AF5D24B1A13900163399 /* Build configuration list for PBXNativeTarget "StringToInteger" */ = {
			isa = XCConfigurationList;
			buildConfigurations = (
				6696AF5B24B1A13900163399 /* Debug */,
				6696AF5C24B1A13900163399 /* Release */,
			);
			defaultConfigurationIsVisible = 0;
			defaultConfigurationName = Release;
		};
		6696AF6624B1B0F600163399 /* Build configuration list for PBXNativeTarget "ContainerWithMostWater" */ = {
			isa = XCConfigurationList;
			buildConfigurations = (
				6696AF6724B1B0F600163399 /* Debug */,
				6696AF6824B1B0F600163399 /* Release */,
			);
			defaultConfigurationIsVisible = 0;
			defaultConfigurationName = Release;
		};
		6696AF7124B1B50000163399 /* Build configuration list for PBXNativeTarget "RomantoInteger" */ = {
			isa = XCConfigurationList;
			buildConfigurations = (
				6696AF7224B1B50000163399 /* Debug */,
				6696AF7324B1B50000163399 /* Release */,
			);
			defaultConfigurationIsVisible = 0;
			defaultConfigurationName = Release;
		};
		68FA5C8F24B2AC0F003C9E9E /* Build configuration list for PBXNativeTarget "LongestCommonPrefix" */ = {
			isa = XCConfigurationList;
			buildConfigurations = (
				68FA5C9024B2AC0F003C9E9E /* Debug */,
				68FA5C9124B2AC0F003C9E9E /* Release */,
			);
			defaultConfigurationIsVisible = 0;
			defaultConfigurationName = Release;
		};
		68FA5C9A24B2B202003C9E9E /* Build configuration list for PBXNativeTarget "ThreeSum" */ = {
			isa = XCConfigurationList;
			buildConfigurations = (
				68FA5C9B24B2B202003C9E9E /* Debug */,
				68FA5C9C24B2B202003C9E9E /* Release */,
			);
			defaultConfigurationIsVisible = 0;
			defaultConfigurationName = Release;
		};
		68FA5CA524B2B5DA003C9E9E /* Build configuration list for PBXNativeTarget "Letter Combinations of a Phone Number" */ = {
			isa = XCConfigurationList;
			buildConfigurations = (
				68FA5CA624B2B5DA003C9E9E /* Debug */,
				68FA5CA724B2B5DA003C9E9E /* Release */,
			);
			defaultConfigurationIsVisible = 0;
			defaultConfigurationName = Release;
		};
		68FA5CB024B3DF86003C9E9E /* Build configuration list for PBXNativeTarget "Remove Nth Node From End of List" */ = {
			isa = XCConfigurationList;
			buildConfigurations = (
				68FA5CB124B3DF86003C9E9E /* Debug */,
				68FA5CB224B3DF86003C9E9E /* Release */,
			);
			defaultConfigurationIsVisible = 0;
			defaultConfigurationName = Release;
		};
		68FA5CBB24B3E72F003C9E9E /* Build configuration list for PBXNativeTarget "ValidParentheses" */ = {
			isa = XCConfigurationList;
			buildConfigurations = (
				68FA5CBC24B3E72F003C9E9E /* Debug */,
				68FA5CBD24B3E72F003C9E9E /* Release */,
			);
			defaultConfigurationIsVisible = 0;
			defaultConfigurationName = Release;
		};
		68FA5CC624B3EBAD003C9E9E /* Build configuration list for PBXNativeTarget "MergeTwoSortedLists" */ = {
			isa = XCConfigurationList;
			buildConfigurations = (
				68FA5CC724B3EBAD003C9E9E /* Debug */,
				68FA5CC824B3EBAD003C9E9E /* Release */,
			);
			defaultConfigurationIsVisible = 0;
			defaultConfigurationName = Release;
		};
		68FA5CD124B40361003C9E9E /* Build configuration list for PBXNativeTarget "GenerateParentheses" */ = {
			isa = XCConfigurationList;
			buildConfigurations = (
				68FA5CD224B40361003C9E9E /* Debug */,
				68FA5CD324B40361003C9E9E /* Release */,
			);
			defaultConfigurationIsVisible = 0;
			defaultConfigurationName = Release;
		};
		68FFBB3424AAA022004F1A75 /* Build configuration list for PBXProject "TopInterview" */ = {
			isa = XCConfigurationList;
			buildConfigurations = (
				68FFBB3E24AAA022004F1A75 /* Debug */,
				68FFBB3F24AAA022004F1A75 /* Release */,
			);
			defaultConfigurationIsVisible = 0;
			defaultConfigurationName = Release;
		};
		68FFBB4024AAA022004F1A75 /* Build configuration list for PBXNativeTarget "TopInterview" */ = {
			isa = XCConfigurationList;
			buildConfigurations = (
				68FFBB4124AAA022004F1A75 /* Debug */,
				68FFBB4224AAA022004F1A75 /* Release */,
			);
			defaultConfigurationIsVisible = 0;
			defaultConfigurationName = Release;
		};
		68FFBB4B24AAA075004F1A75 /* Build configuration list for PBXNativeTarget "KthLargestElementinanArray" */ = {
			isa = XCConfigurationList;
			buildConfigurations = (
				68FFBB4C24AAA075004F1A75 /* Debug */,
				68FFBB4D24AAA075004F1A75 /* Release */,
			);
			defaultConfigurationIsVisible = 0;
			defaultConfigurationName = Release;
		};
		68FFBB5624AAA7D4004F1A75 /* Build configuration list for PBXNativeTarget "TwoSum" */ = {
			isa = XCConfigurationList;
			buildConfigurations = (
				68FFBB5724AAA7D4004F1A75 /* Debug */,
				68FFBB5824AAA7D4004F1A75 /* Release */,
			);
			defaultConfigurationIsVisible = 0;
			defaultConfigurationName = Release;
		};
		68FFBB6124AAAC52004F1A75 /* Build configuration list for PBXNativeTarget "AddTwoNumbers" */ = {
			isa = XCConfigurationList;
			buildConfigurations = (
				68FFBB6224AAAC52004F1A75 /* Debug */,
				68FFBB6324AAAC52004F1A75 /* Release */,
			);
			defaultConfigurationIsVisible = 0;
			defaultConfigurationName = Release;
		};
		68FFBB6C24AAC1C7004F1A75 /* Build configuration list for PBXNativeTarget "LongestSubstringWithoutRepeatingCharacters" */ = {
			isa = XCConfigurationList;
			buildConfigurations = (
				68FFBB6D24AAC1C7004F1A75 /* Debug */,
				68FFBB6E24AAC1C7004F1A75 /* Release */,
			);
			defaultConfigurationIsVisible = 0;
			defaultConfigurationName = Release;
		};
		68FFBB7724ABFB00004F1A75 /* Build configuration list for PBXNativeTarget "MedianOfTwoSortedArrays" */ = {
			isa = XCConfigurationList;
			buildConfigurations = (
				68FFBB7824ABFB00004F1A75 /* Debug */,
				68FFBB7924ABFB00004F1A75 /* Release */,
			);
			defaultConfigurationIsVisible = 0;
			defaultConfigurationName = Release;
		};
		68FFBB8224AC0F59004F1A75 /* Build configuration list for PBXNativeTarget "LongestPalindromicSubstring" */ = {
			isa = XCConfigurationList;
			buildConfigurations = (
				68FFBB8324AC0F59004F1A75 /* Debug */,
				68FFBB8424AC0F59004F1A75 /* Release */,
			);
			defaultConfigurationIsVisible = 0;
			defaultConfigurationName = Release;
		};
		68FFBB8D24AC18FE004F1A75 /* Build configuration list for PBXNativeTarget "ReverseInteger" */ = {
			isa = XCConfigurationList;
			buildConfigurations = (
				68FFBB8E24AC18FE004F1A75 /* Debug */,
				68FFBB8F24AC18FE004F1A75 /* Release */,
			);
			defaultConfigurationIsVisible = 0;
			defaultConfigurationName = Release;
		};
/* End XCConfigurationList section */
	};
	rootObject = 68FFBB3124AAA022004F1A75 /* Project object */;
}
